
Microsoft Visual Studio Solution File, Format Version 12.00
# Visual Studio Version 17
VisualStudioVersion = 17.0.31903.59
MinimumVisualStudioVersion = 10.0.40219.1
Project("{FAE04EC0-301F-11D3-BF4B-00C04F79EFBC}") = "Orders.Domain", "src\Orders.Domain\Orders.Domain.csproj", "{6C72339F-3BE5-48DA-AE10-3FE820DF04AD}"
EndProject
Project("{FAE04EC0-301F-11D3-BF4B-00C04F79EFBC}") = "OrderGenerator", "src\OrderGenerator\OrderGenerator.csproj", "{01607CC9-69AF-41A5-93D0-4276E0ED872C}"
EndProject
Project("{FAE04EC0-301F-11D3-BF4B-00C04F79EFBC}") = "OrderAccumulator", "src\OrderAccumulator\OrderAccumulator.csproj", "{77C731EC-1E85-492C-B4E8-F5BDB06DB45C}"
EndProject
Project("{FAE04EC0-301F-11D3-BF4B-00C04F79EFBC}") = "Orders.Tests", "tests\Orders.Tests\Orders.Tests.csproj", "{9E8131BC-1179-401F-BA9F-778A03DCF440}"
EndProject
Global
	GlobalSection(SolutionConfigurationPlatforms) = preSolution
		Debug|Any CPU = Debug|Any CPU
		Release|Any CPU = Release|Any CPU
	EndGlobalSection
	GlobalSection(ProjectConfigurationPlatforms) = postSolution
		{6C72339F-3BE5-48DA-AE10-3FE820DF04AD}.Debug|Any CPU.ActiveCfg = Debug|Any CPU
		{6C72339F-3BE5-48DA-AE10-3FE820DF04AD}.Debug|Any CPU.Build.0 = Debug|Any CPU
		{6C72339F-3BE5-48DA-AE10-3FE820DF04AD}.Release|Any CPU.ActiveCfg = Release|Any CPU
		{6C72339F-3BE5-48DA-AE10-3FE820DF04AD}.Release|Any CPU.Build.0 = Release|Any CPU
		{01607CC9-69AF-41A5-93D0-4276E0ED872C}.Debug|Any CPU.ActiveCfg = Debug|Any CPU
		{01607CC9-69AF-41A5-93D0-4276E0ED872C}.Debug|Any CPU.Build.0 = Debug|Any CPU
		{01607CC9-69AF-41A5-93D0-4276E0ED872C}.Release|Any CPU.ActiveCfg = Release|Any CPU
		{01607CC9-69AF-41A5-93D0-4276E0ED872C}.Release|Any CPU.Build.0 = Release|Any CPU
		{77C731EC-1E85-492C-B4E8-F5BDB06DB45C}.Debug|Any CPU.ActiveCfg = Debug|Any CPU
		{77C731EC-1E85-492C-B4E8-F5BDB06DB45C}.Debug|Any CPU.Build.0 = Debug|Any CPU
		{77C731EC-1E85-492C-B4E8-F5BDB06DB45C}.Release|Any CPU.ActiveCfg = Release|Any CPU
		{77C731EC-1E85-492C-B4E8-F5BDB06DB45C}.Release|Any CPU.Build.0 = Release|Any CPU
		{9E8131BC-1179-401F-BA9F-778A03DCF440}.Debug|Any CPU.ActiveCfg = Debug|Any CPU
		{9E8131BC-1179-401F-BA9F-778A03DCF440}.Debug|Any CPU.Build.0 = Debug|Any CPU
		{9E8131BC-1179-401F-BA9F-778A03DCF440}.Release|Any CPU.ActiveCfg = Release|Any CPU
		{9E8131BC-1179-401F-BA9F-778A03DCF440}.Release|Any CPU.Build.0 = Release|Any CPU
	EndGlobalSection
EndGlobal
